// !$*UTF8*$!
{
	archiveVersion = 1;
	classes = {
	};
	objectVersion = 56;
	objects = {

/* Begin PBXBuildFile section */
		677B6E0D2982248D00B3D8E8 /* AppDelegate.swift in Sources */ = {isa = PBXBuildFile; fileRef = 677B6E0C2982248D00B3D8E8 /* AppDelegate.swift */; };
		677B6E0F2982248D00B3D8E8 /* SceneDelegate.swift in Sources */ = {isa = PBXBuildFile; fileRef = 677B6E0E2982248D00B3D8E8 /* SceneDelegate.swift */; };
		677B6E142982248D00B3D8E8 /* Main.storyboard in Resources */ = {isa = PBXBuildFile; fileRef = 677B6E122982248D00B3D8E8 /* Main.storyboard */; };
		677B6E162982248D00B3D8E8 /* Assets.xcassets in Resources */ = {isa = PBXBuildFile; fileRef = 677B6E152982248D00B3D8E8 /* Assets.xcassets */; };
		677B6E192982248D00B3D8E8 /* LaunchScreen.storyboard in Resources */ = {isa = PBXBuildFile; fileRef = 677B6E172982248D00B3D8E8 /* LaunchScreen.storyboard */; };
		677B6E2529822CA200B3D8E8 /* TabBarController.swift in Sources */ = {isa = PBXBuildFile; fileRef = 677B6E2429822CA200B3D8E8 /* TabBarController.swift */; };
		677B6E2929822D9C00B3D8E8 /* SkinViewController.swift in Sources */ = {isa = PBXBuildFile; fileRef = 677B6E2829822D9C00B3D8E8 /* SkinViewController.swift */; };
		677B6E2B29822DA800B3D8E8 /* EventViewController.swift in Sources */ = {isa = PBXBuildFile; fileRef = 677B6E2A29822DA800B3D8E8 /* EventViewController.swift */; };
		677B6E2D29822DBC00B3D8E8 /* ReviewViewController.swift in Sources */ = {isa = PBXBuildFile; fileRef = 677B6E2C29822DBC00B3D8E8 /* ReviewViewController.swift */; };
		677B6E2F29822DC900B3D8E8 /* MyPageViewController.swift in Sources */ = {isa = PBXBuildFile; fileRef = 677B6E2E29822DC900B3D8E8 /* MyPageViewController.swift */; };
		677B6E3229822EA000B3D8E8 /* HomeViewController.swift in Sources */ = {isa = PBXBuildFile; fileRef = 677B6E3129822EA000B3D8E8 /* HomeViewController.swift */; };
		677B6E36298235C600B3D8E8 /* UIColor+.swift in Sources */ = {isa = PBXBuildFile; fileRef = 677B6E35298235C600B3D8E8 /* UIColor+.swift */; };
		677B6E39298280E700B3D8E8 /* HomeView.swift in Sources */ = {isa = PBXBuildFile; fileRef = 677B6E38298280E700B3D8E8 /* HomeView.swift */; };
		677B6E3C2982813600B3D8E8 /* BaseView.swift in Sources */ = {isa = PBXBuildFile; fileRef = 677B6E3B2982813600B3D8E8 /* BaseView.swift */; };
		677B6E4129828E6800B3D8E8 /* .swiftlint.yml in Resources */ = {isa = PBXBuildFile; fileRef = 677B6E4029828E6800B3D8E8 /* .swiftlint.yml */; };
		677B6E442982920300B3D8E8 /* SnapKit in Frameworks */ = {isa = PBXBuildFile; productRef = 677B6E432982920300B3D8E8 /* SnapKit */; };
		677B6E472982920E00B3D8E8 /* Then in Frameworks */ = {isa = PBXBuildFile; productRef = 677B6E462982920E00B3D8E8 /* Then */; };
		677B6E4A2982CE6500B3D8E8 /* APIKey.swift in Sources */ = {isa = PBXBuildFile; fileRef = 677B6E492982CE6500B3D8E8 /* APIKey.swift */; };
		677B6E4C2982CF7D00B3D8E8 /* APIManager.swift in Sources */ = {isa = PBXBuildFile; fileRef = 677B6E4B2982CF7D00B3D8E8 /* APIManager.swift */; };
		677B6E4E2982D18B00B3D8E8 /* YsData.swift in Sources */ = {isa = PBXBuildFile; fileRef = 677B6E4D2982D18B00B3D8E8 /* YsData.swift */; };
		677B6E522982D24300B3D8E8 /* HomeViewModel.swift in Sources */ = {isa = PBXBuildFile; fileRef = 677B6E512982D24300B3D8E8 /* HomeViewModel.swift */; };
		677B6E542982D35800B3D8E8 /* APIError.swift in Sources */ = {isa = PBXBuildFile; fileRef = 677B6E532982D35800B3D8E8 /* APIError.swift */; };
		677B6E5729830A1B00B3D8E8 /* RxCocoa in Frameworks */ = {isa = PBXBuildFile; productRef = 677B6E5629830A1B00B3D8E8 /* RxCocoa */; };
		677B6E5929830A1B00B3D8E8 /* RxSwift in Frameworks */ = {isa = PBXBuildFile; productRef = 677B6E5829830A1B00B3D8E8 /* RxSwift */; };
		677B6E5C29830A2F00B3D8E8 /* RxDataSources in Frameworks */ = {isa = PBXBuildFile; productRef = 677B6E5B29830A2F00B3D8E8 /* RxDataSources */; };
		677B6E5E29830A4A00B3D8E8 /* SectionYsData.swift in Sources */ = {isa = PBXBuildFile; fileRef = 677B6E5D29830A4A00B3D8E8 /* SectionYsData.swift */; };
		677B6E612983A97500B3D8E8 /* EventCollectionViewCell.swift in Sources */ = {isa = PBXBuildFile; fileRef = 677B6E602983A97500B3D8E8 /* EventCollectionViewCell.swift */; };
		677B6E672983D9EA00B3D8E8 /* ReusableProtocol.swift in Sources */ = {isa = PBXBuildFile; fileRef = 677B6E662983D9EA00B3D8E8 /* ReusableProtocol.swift */; };
		677B6E692983DBC100B3D8E8 /* UIImageView+.swift in Sources */ = {isa = PBXBuildFile; fileRef = 677B6E682983DBC100B3D8E8 /* UIImageView+.swift */; };
		677B6E6B2983E1D000B3D8E8 /* EventCollectionReusableView.swift in Sources */ = {isa = PBXBuildFile; fileRef = 677B6E6A2983E1D000B3D8E8 /* EventCollectionReusableView.swift */; };
		677B6E6D2984104C00B3D8E8 /* YsTvCollectionViewCell.swift in Sources */ = {isa = PBXBuildFile; fileRef = 677B6E6C2984104C00B3D8E8 /* YsTvCollectionViewCell.swift */; };
		677B6E702984294E00B3D8E8 /* Kingfisher in Frameworks */ = {isa = PBXBuildFile; productRef = 677B6E6F2984294E00B3D8E8 /* Kingfisher */; };
/* End PBXBuildFile section */

/* Begin PBXFileReference section */
		677B6E092982248D00B3D8E8 /* FastlaneTest.app */ = {isa = PBXFileReference; explicitFileType = wrapper.application; includeInIndex = 0; path = FastlaneTest.app; sourceTree = BUILT_PRODUCTS_DIR; };
		677B6E0C2982248D00B3D8E8 /* AppDelegate.swift */ = {isa = PBXFileReference; lastKnownFileType = sourcecode.swift; path = AppDelegate.swift; sourceTree = "<group>"; };
		677B6E0E2982248D00B3D8E8 /* SceneDelegate.swift */ = {isa = PBXFileReference; lastKnownFileType = sourcecode.swift; path = SceneDelegate.swift; sourceTree = "<group>"; };
		677B6E132982248D00B3D8E8 /* Base */ = {isa = PBXFileReference; lastKnownFileType = file.storyboard; name = Base; path = Base.lproj/Main.storyboard; sourceTree = "<group>"; };
		677B6E152982248D00B3D8E8 /* Assets.xcassets */ = {isa = PBXFileReference; lastKnownFileType = folder.assetcatalog; path = Assets.xcassets; sourceTree = "<group>"; };
		677B6E182982248D00B3D8E8 /* Base */ = {isa = PBXFileReference; lastKnownFileType = file.storyboard; name = Base; path = Base.lproj/LaunchScreen.storyboard; sourceTree = "<group>"; };
		677B6E1A2982248D00B3D8E8 /* Info.plist */ = {isa = PBXFileReference; lastKnownFileType = text.plist.xml; path = Info.plist; sourceTree = "<group>"; };
		677B6E2429822CA200B3D8E8 /* TabBarController.swift */ = {isa = PBXFileReference; lastKnownFileType = sourcecode.swift; path = TabBarController.swift; sourceTree = "<group>"; };
		677B6E2829822D9C00B3D8E8 /* SkinViewController.swift */ = {isa = PBXFileReference; lastKnownFileType = sourcecode.swift; path = SkinViewController.swift; sourceTree = "<group>"; };
		677B6E2A29822DA800B3D8E8 /* EventViewController.swift */ = {isa = PBXFileReference; lastKnownFileType = sourcecode.swift; path = EventViewController.swift; sourceTree = "<group>"; };
		677B6E2C29822DBC00B3D8E8 /* ReviewViewController.swift */ = {isa = PBXFileReference; lastKnownFileType = sourcecode.swift; path = ReviewViewController.swift; sourceTree = "<group>"; };
		677B6E2E29822DC900B3D8E8 /* MyPageViewController.swift */ = {isa = PBXFileReference; lastKnownFileType = sourcecode.swift; path = MyPageViewController.swift; sourceTree = "<group>"; };
		677B6E3129822EA000B3D8E8 /* HomeViewController.swift */ = {isa = PBXFileReference; lastKnownFileType = sourcecode.swift; path = HomeViewController.swift; sourceTree = "<group>"; };
		677B6E35298235C600B3D8E8 /* UIColor+.swift */ = {isa = PBXFileReference; lastKnownFileType = sourcecode.swift; path = "UIColor+.swift"; sourceTree = "<group>"; };
		677B6E38298280E700B3D8E8 /* HomeView.swift */ = {isa = PBXFileReference; lastKnownFileType = sourcecode.swift; path = HomeView.swift; sourceTree = "<group>"; };
		677B6E3B2982813600B3D8E8 /* BaseView.swift */ = {isa = PBXFileReference; lastKnownFileType = sourcecode.swift; path = BaseView.swift; sourceTree = "<group>"; };
		677B6E4029828E6800B3D8E8 /* .swiftlint.yml */ = {isa = PBXFileReference; lastKnownFileType = text.yaml; path = .swiftlint.yml; sourceTree = "<group>"; };
		677B6E492982CE6500B3D8E8 /* APIKey.swift */ = {isa = PBXFileReference; lastKnownFileType = sourcecode.swift; path = APIKey.swift; sourceTree = "<group>"; };
		677B6E4B2982CF7D00B3D8E8 /* APIManager.swift */ = {isa = PBXFileReference; lastKnownFileType = sourcecode.swift; path = APIManager.swift; sourceTree = "<group>"; };
		677B6E4D2982D18B00B3D8E8 /* YsData.swift */ = {isa = PBXFileReference; lastKnownFileType = sourcecode.swift; path = YsData.swift; sourceTree = "<group>"; };
		677B6E512982D24300B3D8E8 /* HomeViewModel.swift */ = {isa = PBXFileReference; lastKnownFileType = sourcecode.swift; path = HomeViewModel.swift; sourceTree = "<group>"; };
		677B6E532982D35800B3D8E8 /* APIError.swift */ = {isa = PBXFileReference; lastKnownFileType = sourcecode.swift; path = APIError.swift; sourceTree = "<group>"; };
		677B6E5D29830A4A00B3D8E8 /* SectionYsData.swift */ = {isa = PBXFileReference; lastKnownFileType = sourcecode.swift; path = SectionYsData.swift; sourceTree = "<group>"; };
		677B6E602983A97500B3D8E8 /* EventCollectionViewCell.swift */ = {isa = PBXFileReference; lastKnownFileType = sourcecode.swift; path = EventCollectionViewCell.swift; sourceTree = "<group>"; };
		677B6E662983D9EA00B3D8E8 /* ReusableProtocol.swift */ = {isa = PBXFileReference; lastKnownFileType = sourcecode.swift; path = ReusableProtocol.swift; sourceTree = "<group>"; };
		677B6E682983DBC100B3D8E8 /* UIImageView+.swift */ = {isa = PBXFileReference; lastKnownFileType = sourcecode.swift; path = "UIImageView+.swift"; sourceTree = "<group>"; };
		677B6E6A2983E1D000B3D8E8 /* EventCollectionReusableView.swift */ = {isa = PBXFileReference; lastKnownFileType = sourcecode.swift; path = EventCollectionReusableView.swift; sourceTree = "<group>"; };
		677B6E6C2984104C00B3D8E8 /* YsTvCollectionViewCell.swift */ = {isa = PBXFileReference; lastKnownFileType = sourcecode.swift; path = YsTvCollectionViewCell.swift; sourceTree = "<group>"; };
/* End PBXFileReference section */

/* Begin PBXFrameworksBuildPhase section */
		677B6E062982248D00B3D8E8 /* Frameworks */ = {
			isa = PBXFrameworksBuildPhase;
			buildActionMask = 2147483647;
			files = (
				677B6E702984294E00B3D8E8 /* Kingfisher in Frameworks */,
				677B6E5729830A1B00B3D8E8 /* RxCocoa in Frameworks */,
				677B6E442982920300B3D8E8 /* SnapKit in Frameworks */,
				677B6E5929830A1B00B3D8E8 /* RxSwift in Frameworks */,
				677B6E5C29830A2F00B3D8E8 /* RxDataSources in Frameworks */,
				677B6E472982920E00B3D8E8 /* Then in Frameworks */,
			);
			runOnlyForDeploymentPostprocessing = 0;
		};
/* End PBXFrameworksBuildPhase section */

/* Begin PBXGroup section */
		677B6E002982248D00B3D8E8 = {
			isa = PBXGroup;
			children = (
				677B6E4029828E6800B3D8E8 /* .swiftlint.yml */,
				677B6E0B2982248D00B3D8E8 /* FastlaneTest */,
				677B6E0A2982248D00B3D8E8 /* Products */,
			);
			sourceTree = "<group>";
		};
		677B6E0A2982248D00B3D8E8 /* Products */ = {
			isa = PBXGroup;
			children = (
				677B6E092982248D00B3D8E8 /* FastlaneTest.app */,
			);
			name = Products;
			sourceTree = "<group>";
		};
		677B6E0B2982248D00B3D8E8 /* FastlaneTest */ = {
			isa = PBXGroup;
			children = (
				677B6E482982CE4B00B3D8E8 /* API */,
				677B6E33298235AE00B3D8E8 /* Common */,
				677B6E2229822C5E00B3D8E8 /* Presentation */,
				677B6E20298224CF00B3D8E8 /* Application */,
				677B6E212982280600B3D8E8 /* Resource */,
				677B6E1A2982248D00B3D8E8 /* Info.plist */,
			);
			path = FastlaneTest;
			sourceTree = "<group>";
		};
		677B6E20298224CF00B3D8E8 /* Application */ = {
			isa = PBXGroup;
			children = (
				677B6E0C2982248D00B3D8E8 /* AppDelegate.swift */,
				677B6E0E2982248D00B3D8E8 /* SceneDelegate.swift */,
			);
			path = Application;
			sourceTree = "<group>";
		};
		677B6E212982280600B3D8E8 /* Resource */ = {
			isa = PBXGroup;
			children = (
				677B6E122982248D00B3D8E8 /* Main.storyboard */,
				677B6E152982248D00B3D8E8 /* Assets.xcassets */,
				677B6E172982248D00B3D8E8 /* LaunchScreen.storyboard */,
			);
			path = Resource;
			sourceTree = "<group>";
		};
		677B6E2229822C5E00B3D8E8 /* Presentation */ = {
			isa = PBXGroup;
			children = (
				677B6E2329822C8200B3D8E8 /* TabBar */,
			);
			path = Presentation;
			sourceTree = "<group>";
		};
		677B6E2329822C8200B3D8E8 /* TabBar */ = {
			isa = PBXGroup;
			children = (
				677B6E2429822CA200B3D8E8 /* TabBarController.swift */,
				677B6E3029822E8800B3D8E8 /* Home */,
				677B6E2729822D6000B3D8E8 /* NotUse */,
			);
			path = TabBar;
			sourceTree = "<group>";
		};
		677B6E2729822D6000B3D8E8 /* NotUse */ = {
			isa = PBXGroup;
			children = (
				677B6E2829822D9C00B3D8E8 /* SkinViewController.swift */,
				677B6E2A29822DA800B3D8E8 /* EventViewController.swift */,
				677B6E2C29822DBC00B3D8E8 /* ReviewViewController.swift */,
				677B6E2E29822DC900B3D8E8 /* MyPageViewController.swift */,
			);
			path = NotUse;
			sourceTree = "<group>";
		};
		677B6E3029822E8800B3D8E8 /* Home */ = {
			isa = PBXGroup;
			children = (
				677B6E3129822EA000B3D8E8 /* HomeViewController.swift */,
				677B6E38298280E700B3D8E8 /* HomeView.swift */,
				677B6E502982D22C00B3D8E8 /* ViewModel */,
				677B6E5F2983A8B600B3D8E8 /* HomeCollectionViewCell */,
			);
			path = Home;
			sourceTree = "<group>";
		};
		677B6E33298235AE00B3D8E8 /* Common */ = {
			isa = PBXGroup;
			children = (
				677B6E652983D9D600B3D8E8 /* Protocol */,
				677B6E3A2982812500B3D8E8 /* Utility */,
				677B6E34298235B300B3D8E8 /* Extension */,
			);
			path = Common;
			sourceTree = "<group>";
		};
		677B6E34298235B300B3D8E8 /* Extension */ = {
			isa = PBXGroup;
			children = (
				677B6E35298235C600B3D8E8 /* UIColor+.swift */,
				677B6E682983DBC100B3D8E8 /* UIImageView+.swift */,
			);
			path = Extension;
			sourceTree = "<group>";
		};
		677B6E3A2982812500B3D8E8 /* Utility */ = {
			isa = PBXGroup;
			children = (
				677B6E3B2982813600B3D8E8 /* BaseView.swift */,
			);
			path = Utility;
			sourceTree = "<group>";
		};
		677B6E482982CE4B00B3D8E8 /* API */ = {
			isa = PBXGroup;
			children = (
				677B6E492982CE6500B3D8E8 /* APIKey.swift */,
				677B6E4B2982CF7D00B3D8E8 /* APIManager.swift */,
				677B6E532982D35800B3D8E8 /* APIError.swift */,
				677B6E4F2982D18F00B3D8E8 /* Modle */,
			);
			path = API;
			sourceTree = "<group>";
		};
		677B6E4F2982D18F00B3D8E8 /* Modle */ = {
			isa = PBXGroup;
			children = (
				677B6E4D2982D18B00B3D8E8 /* YsData.swift */,
				677B6E5D29830A4A00B3D8E8 /* SectionYsData.swift */,
			);
			path = Modle;
			sourceTree = "<group>";
		};
		677B6E502982D22C00B3D8E8 /* ViewModel */ = {
			isa = PBXGroup;
			children = (
				677B6E512982D24300B3D8E8 /* HomeViewModel.swift */,
			);
			path = ViewModel;
			sourceTree = "<group>";
		};
		677B6E5F2983A8B600B3D8E8 /* HomeCollectionViewCell */ = {
			isa = PBXGroup;
			children = (
				677B6E602983A97500B3D8E8 /* EventCollectionViewCell.swift */,
				677B6E6A2983E1D000B3D8E8 /* EventCollectionReusableView.swift */,
				677B6E6C2984104C00B3D8E8 /* YsTvCollectionViewCell.swift */,
			);
			path = HomeCollectionViewCell;
			sourceTree = "<group>";
		};
		677B6E652983D9D600B3D8E8 /* Protocol */ = {
			isa = PBXGroup;
			children = (
				677B6E662983D9EA00B3D8E8 /* ReusableProtocol.swift */,
			);
			path = Protocol;
			sourceTree = "<group>";
		};
/* End PBXGroup section */

/* Begin PBXNativeTarget section */
		677B6E082982248D00B3D8E8 /* FastlaneTest */ = {
			isa = PBXNativeTarget;
			buildConfigurationList = 677B6E1D2982248D00B3D8E8 /* Build configuration list for PBXNativeTarget "FastlaneTest" */;
			buildPhases = (
				677B6E3D29828CBA00B3D8E8 /* SwiftLint Script */,
				677B6E052982248D00B3D8E8 /* Sources */,
				677B6E062982248D00B3D8E8 /* Frameworks */,
				677B6E072982248D00B3D8E8 /* Resources */,
			);
			buildRules = (
			);
			dependencies = (
			);
			name = FastlaneTest;
			packageProductDependencies = (
				677B6E432982920300B3D8E8 /* SnapKit */,
				677B6E462982920E00B3D8E8 /* Then */,
				677B6E5629830A1B00B3D8E8 /* RxCocoa */,
				677B6E5829830A1B00B3D8E8 /* RxSwift */,
				677B6E5B29830A2F00B3D8E8 /* RxDataSources */,
				677B6E6F2984294E00B3D8E8 /* Kingfisher */,
			);
			productName = FastlaneTest;
			productReference = 677B6E092982248D00B3D8E8 /* FastlaneTest.app */;
			productType = "com.apple.product-type.application";
		};
/* End PBXNativeTarget section */

/* Begin PBXProject section */
		677B6E012982248D00B3D8E8 /* Project object */ = {
			isa = PBXProject;
			attributes = {
				BuildIndependentTargetsInParallel = 1;
				LastSwiftUpdateCheck = 1420;
				LastUpgradeCheck = 1420;
				TargetAttributes = {
					677B6E082982248D00B3D8E8 = {
						CreatedOnToolsVersion = 14.2;
					};
				};
			};
			buildConfigurationList = 677B6E042982248D00B3D8E8 /* Build configuration list for PBXProject "FastlaneTest" */;
			compatibilityVersion = "Xcode 14.0";
			developmentRegion = en;
			hasScannedForEncodings = 0;
			knownRegions = (
				en,
				Base,
			);
			mainGroup = 677B6E002982248D00B3D8E8;
			packageReferences = (
				677B6E422982920300B3D8E8 /* XCRemoteSwiftPackageReference "SnapKit" */,
				677B6E452982920E00B3D8E8 /* XCRemoteSwiftPackageReference "Then" */,
				677B6E5529830A1B00B3D8E8 /* XCRemoteSwiftPackageReference "RxSwift" */,
				677B6E5A29830A2F00B3D8E8 /* XCRemoteSwiftPackageReference "RxDataSources" */,
				677B6E6E2984294E00B3D8E8 /* XCRemoteSwiftPackageReference "Kingfisher" */,
			);
			productRefGroup = 677B6E0A2982248D00B3D8E8 /* Products */;
			projectDirPath = "";
			projectRoot = "";
			targets = (
				677B6E082982248D00B3D8E8 /* FastlaneTest */,
			);
		};
/* End PBXProject section */

/* Begin PBXResourcesBuildPhase section */
		677B6E072982248D00B3D8E8 /* Resources */ = {
			isa = PBXResourcesBuildPhase;
			buildActionMask = 2147483647;
			files = (
				677B6E4129828E6800B3D8E8 /* .swiftlint.yml in Resources */,
				677B6E192982248D00B3D8E8 /* LaunchScreen.storyboard in Resources */,
				677B6E162982248D00B3D8E8 /* Assets.xcassets in Resources */,
				677B6E142982248D00B3D8E8 /* Main.storyboard in Resources */,
			);
			runOnlyForDeploymentPostprocessing = 0;
		};
/* End PBXResourcesBuildPhase section */

/* Begin PBXShellScriptBuildPhase section */
		677B6E3D29828CBA00B3D8E8 /* SwiftLint Script */ = {
			isa = PBXShellScriptBuildPhase;
			alwaysOutOfDate = 1;
			buildActionMask = 2147483647;
			files = (
			);
			inputFileListPaths = (
			);
			inputPaths = (
			);
			name = "SwiftLint Script";
			outputFileListPaths = (
			);
			outputPaths = (
			);
			runOnlyForDeploymentPostprocessing = 0;
			shellPath = /bin/sh;
			shellScript = "# Type a script or drag a script file from your workspace to insert its path.\nif which swiftlint > /dev/null; then\n  swiftlint\nelse\n  echo \"warning: SwiftLint not installed, download from https://github.com/realm/SwiftLint\"\nfi\n";
		};
/* End PBXShellScriptBuildPhase section */

/* Begin PBXSourcesBuildPhase section */
		677B6E052982248D00B3D8E8 /* Sources */ = {
			isa = PBXSourcesBuildPhase;
			buildActionMask = 2147483647;
			files = (
				677B6E2B29822DA800B3D8E8 /* EventViewController.swift in Sources */,
				677B6E6B2983E1D000B3D8E8 /* EventCollectionReusableView.swift in Sources */,
				677B6E0D2982248D00B3D8E8 /* AppDelegate.swift in Sources */,
				677B6E2F29822DC900B3D8E8 /* MyPageViewController.swift in Sources */,
				677B6E39298280E700B3D8E8 /* HomeView.swift in Sources */,
				677B6E692983DBC100B3D8E8 /* UIImageView+.swift in Sources */,
				677B6E6D2984104C00B3D8E8 /* YsTvCollectionViewCell.swift in Sources */,
				677B6E3229822EA000B3D8E8 /* HomeViewController.swift in Sources */,
				677B6E4E2982D18B00B3D8E8 /* YsData.swift in Sources */,
				677B6E5E29830A4A00B3D8E8 /* SectionYsData.swift in Sources */,
				677B6E2D29822DBC00B3D8E8 /* ReviewViewController.swift in Sources */,
				677B6E2529822CA200B3D8E8 /* TabBarController.swift in Sources */,
				677B6E0F2982248D00B3D8E8 /* SceneDelegate.swift in Sources */,
				677B6E2929822D9C00B3D8E8 /* SkinViewController.swift in Sources */,
				677B6E3C2982813600B3D8E8 /* BaseView.swift in Sources */,
				677B6E4C2982CF7D00B3D8E8 /* APIManager.swift in Sources */,
				677B6E612983A97500B3D8E8 /* EventCollectionViewCell.swift in Sources */,
				677B6E4A2982CE6500B3D8E8 /* APIKey.swift in Sources */,
				677B6E542982D35800B3D8E8 /* APIError.swift in Sources */,
				677B6E522982D24300B3D8E8 /* HomeViewModel.swift in Sources */,
				677B6E672983D9EA00B3D8E8 /* ReusableProtocol.swift in Sources */,
				677B6E36298235C600B3D8E8 /* UIColor+.swift in Sources */,
			);
			runOnlyForDeploymentPostprocessing = 0;
		};
/* End PBXSourcesBuildPhase section */

/* Begin PBXVariantGroup section */
		677B6E122982248D00B3D8E8 /* Main.storyboard */ = {
			isa = PBXVariantGroup;
			children = (
				677B6E132982248D00B3D8E8 /* Base */,
			);
			name = Main.storyboard;
			sourceTree = "<group>";
		};
		677B6E172982248D00B3D8E8 /* LaunchScreen.storyboard */ = {
			isa = PBXVariantGroup;
			children = (
				677B6E182982248D00B3D8E8 /* Base */,
			);
			name = LaunchScreen.storyboard;
			sourceTree = "<group>";
		};
/* End PBXVariantGroup section */

/* Begin XCBuildConfiguration section */
		677B6E1B2982248D00B3D8E8 /* Debug */ = {
			isa = XCBuildConfiguration;
			buildSettings = {
				ALWAYS_SEARCH_USER_PATHS = NO;
				CLANG_ANALYZER_NONNULL = YES;
				CLANG_ANALYZER_NUMBER_OBJECT_CONVERSION = YES_AGGRESSIVE;
				CLANG_CXX_LANGUAGE_STANDARD = "gnu++20";
				CLANG_ENABLE_MODULES = YES;
				CLANG_ENABLE_OBJC_ARC = YES;
				CLANG_ENABLE_OBJC_WEAK = YES;
				CLANG_WARN_BLOCK_CAPTURE_AUTORELEASING = YES;
				CLANG_WARN_BOOL_CONVERSION = YES;
				CLANG_WARN_COMMA = YES;
				CLANG_WARN_CONSTANT_CONVERSION = YES;
				CLANG_WARN_DEPRECATED_OBJC_IMPLEMENTATIONS = YES;
				CLANG_WARN_DIRECT_OBJC_ISA_USAGE = YES_ERROR;
				CLANG_WARN_DOCUMENTATION_COMMENTS = YES;
				CLANG_WARN_EMPTY_BODY = YES;
				CLANG_WARN_ENUM_CONVERSION = YES;
				CLANG_WARN_INFINITE_RECURSION = YES;
				CLANG_WARN_INT_CONVERSION = YES;
				CLANG_WARN_NON_LITERAL_NULL_CONVERSION = YES;
				CLANG_WARN_OBJC_IMPLICIT_RETAIN_SELF = YES;
				CLANG_WARN_OBJC_LITERAL_CONVERSION = YES;
				CLANG_WARN_OBJC_ROOT_CLASS = YES_ERROR;
				CLANG_WARN_QUOTED_INCLUDE_IN_FRAMEWORK_HEADER = YES;
				CLANG_WARN_RANGE_LOOP_ANALYSIS = YES;
				CLANG_WARN_STRICT_PROTOTYPES = YES;
				CLANG_WARN_SUSPICIOUS_MOVE = YES;
				CLANG_WARN_UNGUARDED_AVAILABILITY = YES_AGGRESSIVE;
				CLANG_WARN_UNREACHABLE_CODE = YES;
				CLANG_WARN__DUPLICATE_METHOD_MATCH = YES;
				COPY_PHASE_STRIP = NO;
				DEBUG_INFORMATION_FORMAT = dwarf;
				ENABLE_STRICT_OBJC_MSGSEND = YES;
				ENABLE_TESTABILITY = YES;
				GCC_C_LANGUAGE_STANDARD = gnu11;
				GCC_DYNAMIC_NO_PIC = NO;
				GCC_NO_COMMON_BLOCKS = YES;
				GCC_OPTIMIZATION_LEVEL = 0;
				GCC_PREPROCESSOR_DEFINITIONS = (
					"DEBUG=1",
					"$(inherited)",
				);
				GCC_WARN_64_TO_32_BIT_CONVERSION = YES;
				GCC_WARN_ABOUT_RETURN_TYPE = YES_ERROR;
				GCC_WARN_UNDECLARED_SELECTOR = YES;
				GCC_WARN_UNINITIALIZED_AUTOS = YES_AGGRESSIVE;
				GCC_WARN_UNUSED_FUNCTION = YES;
				GCC_WARN_UNUSED_VARIABLE = YES;
				IPHONEOS_DEPLOYMENT_TARGET = 16.2;
				MTL_ENABLE_DEBUG_INFO = INCLUDE_SOURCE;
				MTL_FAST_MATH = YES;
				ONLY_ACTIVE_ARCH = YES;
				SDKROOT = iphoneos;
				SWIFT_ACTIVE_COMPILATION_CONDITIONS = DEBUG;
				SWIFT_OPTIMIZATION_LEVEL = "-Onone";
			};
			name = Debug;
		};
		677B6E1C2982248D00B3D8E8 /* Release */ = {
			isa = XCBuildConfiguration;
			buildSettings = {
				ALWAYS_SEARCH_USER_PATHS = NO;
				CLANG_ANALYZER_NONNULL = YES;
				CLANG_ANALYZER_NUMBER_OBJECT_CONVERSION = YES_AGGRESSIVE;
				CLANG_CXX_LANGUAGE_STANDARD = "gnu++20";
				CLANG_ENABLE_MODULES = YES;
				CLANG_ENABLE_OBJC_ARC = YES;
				CLANG_ENABLE_OBJC_WEAK = YES;
				CLANG_WARN_BLOCK_CAPTURE_AUTORELEASING = YES;
				CLANG_WARN_BOOL_CONVERSION = YES;
				CLANG_WARN_COMMA = YES;
				CLANG_WARN_CONSTANT_CONVERSION = YES;
				CLANG_WARN_DEPRECATED_OBJC_IMPLEMENTATIONS = YES;
				CLANG_WARN_DIRECT_OBJC_ISA_USAGE = YES_ERROR;
				CLANG_WARN_DOCUMENTATION_COMMENTS = YES;
				CLANG_WARN_EMPTY_BODY = YES;
				CLANG_WARN_ENUM_CONVERSION = YES;
				CLANG_WARN_INFINITE_RECURSION = YES;
				CLANG_WARN_INT_CONVERSION = YES;
				CLANG_WARN_NON_LITERAL_NULL_CONVERSION = YES;
				CLANG_WARN_OBJC_IMPLICIT_RETAIN_SELF = YES;
				CLANG_WARN_OBJC_LITERAL_CONVERSION = YES;
				CLANG_WARN_OBJC_ROOT_CLASS = YES_ERROR;
				CLANG_WARN_QUOTED_INCLUDE_IN_FRAMEWORK_HEADER = YES;
				CLANG_WARN_RANGE_LOOP_ANALYSIS = YES;
				CLANG_WARN_STRICT_PROTOTYPES = YES;
				CLANG_WARN_SUSPICIOUS_MOVE = YES;
				CLANG_WARN_UNGUARDED_AVAILABILITY = YES_AGGRESSIVE;
				CLANG_WARN_UNREACHABLE_CODE = YES;
				CLANG_WARN__DUPLICATE_METHOD_MATCH = YES;
				COPY_PHASE_STRIP = NO;
				DEBUG_INFORMATION_FORMAT = "dwarf-with-dsym";
				ENABLE_NS_ASSERTIONS = NO;
				ENABLE_STRICT_OBJC_MSGSEND = YES;
				GCC_C_LANGUAGE_STANDARD = gnu11;
				GCC_NO_COMMON_BLOCKS = YES;
				GCC_WARN_64_TO_32_BIT_CONVERSION = YES;
				GCC_WARN_ABOUT_RETURN_TYPE = YES_ERROR;
				GCC_WARN_UNDECLARED_SELECTOR = YES;
				GCC_WARN_UNINITIALIZED_AUTOS = YES_AGGRESSIVE;
				GCC_WARN_UNUSED_FUNCTION = YES;
				GCC_WARN_UNUSED_VARIABLE = YES;
				IPHONEOS_DEPLOYMENT_TARGET = 16.2;
				MTL_ENABLE_DEBUG_INFO = NO;
				MTL_FAST_MATH = YES;
				SDKROOT = iphoneos;
				SWIFT_COMPILATION_MODE = wholemodule;
				SWIFT_OPTIMIZATION_LEVEL = "-O";
				VALIDATE_PRODUCT = YES;
			};
			name = Release;
		};
		677B6E1E2982248D00B3D8E8 /* Debug */ = {
			isa = XCBuildConfiguration;
			buildSettings = {
				ASSETCATALOG_COMPILER_APPICON_NAME = AppIcon;
				ASSETCATALOG_COMPILER_GLOBAL_ACCENT_COLOR_NAME = AccentColor;
				CODE_SIGN_STYLE = Automatic;
				CURRENT_PROJECT_VERSION = 1;
				GENERATE_INFOPLIST_FILE = YES;
				INFOPLIST_FILE = FastlaneTest/Info.plist;
				INFOPLIST_KEY_UIApplicationSupportsIndirectInputEvents = YES;
				INFOPLIST_KEY_UILaunchStoryboardName = LaunchScreen;
				INFOPLIST_KEY_UIMainStoryboardFile = Main;
				INFOPLIST_KEY_UISupportedInterfaceOrientations = UIInterfaceOrientationPortrait;
				INFOPLIST_KEY_UISupportedInterfaceOrientations_iPad = "UIInterfaceOrientationLandscapeLeft UIInterfaceOrientationLandscapeRight UIInterfaceOrientationPortrait UIInterfaceOrientationPortraitUpsideDown";
				IPHONEOS_DEPLOYMENT_TARGET = 12.0;
				LD_RUNPATH_SEARCH_PATHS = (
					"$(inherited)",
					"@executable_path/Frameworks",
				);
				MARKETING_VERSION = 1.0;
				PRODUCT_BUNDLE_IDENTIFIER = com.sesac.FastlaneTest;
				PRODUCT_NAME = "$(TARGET_NAME)";
				SUPPORTED_PLATFORMS = "iphoneos iphonesimulator";
				SUPPORTS_MACCATALYST = NO;
				SUPPORTS_MAC_DESIGNED_FOR_IPHONE_IPAD = NO;
				SWIFT_EMIT_LOC_STRINGS = YES;
				SWIFT_VERSION = 5.0;
				TARGETED_DEVICE_FAMILY = 1;
			};
			name = Debug;
		};
		677B6E1F2982248D00B3D8E8 /* Release */ = {
			isa = XCBuildConfiguration;
			buildSettings = {
				ASSETCATALOG_COMPILER_APPICON_NAME = AppIcon;
				ASSETCATALOG_COMPILER_GLOBAL_ACCENT_COLOR_NAME = AccentColor;
				CODE_SIGN_STYLE = Automatic;
				CURRENT_PROJECT_VERSION = 1;
				GENERATE_INFOPLIST_FILE = YES;
				INFOPLIST_FILE = FastlaneTest/Info.plist;
				INFOPLIST_KEY_UIApplicationSupportsIndirectInputEvents = YES;
				INFOPLIST_KEY_UILaunchStoryboardName = LaunchScreen;
				INFOPLIST_KEY_UIMainStoryboardFile = Main;
				INFOPLIST_KEY_UISupportedInterfaceOrientations = UIInterfaceOrientationPortrait;
				INFOPLIST_KEY_UISupportedInterfaceOrientations_iPad = "UIInterfaceOrientationLandscapeLeft UIInterfaceOrientationLandscapeRight UIInterfaceOrientationPortrait UIInterfaceOrientationPortraitUpsideDown";
				IPHONEOS_DEPLOYMENT_TARGET = 12.0;
				LD_RUNPATH_SEARCH_PATHS = (
					"$(inherited)",
					"@executable_path/Frameworks",
				);
				MARKETING_VERSION = 1.0;
				PRODUCT_BUNDLE_IDENTIFIER = com.sesac.FastlaneTest;
				PRODUCT_NAME = "$(TARGET_NAME)";
				SUPPORTED_PLATFORMS = "iphoneos iphonesimulator";
				SUPPORTS_MACCATALYST = NO;
				SUPPORTS_MAC_DESIGNED_FOR_IPHONE_IPAD = NO;
				SWIFT_EMIT_LOC_STRINGS = YES;
				SWIFT_VERSION = 5.0;
				TARGETED_DEVICE_FAMILY = 1;
			};
			name = Release;
		};
/* End XCBuildConfiguration section */

/* Begin XCConfigurationList section */
		677B6E042982248D00B3D8E8 /* Build configuration list for PBXProject "FastlaneTest" */ = {
			isa = XCConfigurationList;
			buildConfigurations = (
				677B6E1B2982248D00B3D8E8 /* Debug */,
				677B6E1C2982248D00B3D8E8 /* Release */,
			);
			defaultConfigurationIsVisible = 0;
			defaultConfigurationName = Release;
		};
		677B6E1D2982248D00B3D8E8 /* Build configuration list for PBXNativeTarget "FastlaneTest" */ = {
			isa = XCConfigurationList;
			buildConfigurations = (
				677B6E1E2982248D00B3D8E8 /* Debug */,
				677B6E1F2982248D00B3D8E8 /* Release */,
			);
			defaultConfigurationIsVisible = 0;
			defaultConfigurationName = Release;
		};
/* End XCConfigurationList section */

/* Begin XCRemoteSwiftPackageReference section */
		677B6E422982920300B3D8E8 /* XCRemoteSwiftPackageReference "SnapKit" */ = {
			isa = XCRemoteSwiftPackageReference;
			repositoryURL = "https://github.com/SnapKit/SnapKit.git";
			requirement = {
				kind = upToNextMajorVersion;
				minimumVersion = 5.0.0;
			};
		};
		677B6E452982920E00B3D8E8 /* XCRemoteSwiftPackageReference "Then" */ = {
			isa = XCRemoteSwiftPackageReference;
			repositoryURL = "https://github.com/devxoul/Then.git";
			requirement = {
				kind = upToNextMajorVersion;
				minimumVersion = 3.0.0;
			};
		};
		677B6E5529830A1B00B3D8E8 /* XCRemoteSwiftPackageReference "RxSwift" */ = {
			isa = XCRemoteSwiftPackageReference;
			repositoryURL = "https://github.com/ReactiveX/RxSwift.git";
			requirement = {
				kind = upToNextMajorVersion;
				minimumVersion = 6.0.0;
			};
		};
		677B6E5A29830A2F00B3D8E8 /* XCRemoteSwiftPackageReference "RxDataSources" */ = {
			isa = XCRemoteSwiftPackageReference;
			repositoryURL = "https://github.com/RxSwiftCommunity/RxDataSources.git";
			requirement = {
				kind = upToNextMajorVersion;
				minimumVersion = 5.0.0;
			};
		};
		677B6E6E2984294E00B3D8E8 /* XCRemoteSwiftPackageReference "Kingfisher" */ = {
			isa = XCRemoteSwiftPackageReference;
			repositoryURL = "https://github.com/onevcat/Kingfisher.git";
			requirement = {
				kind = upToNextMajorVersion;
				minimumVersion = 7.0.0;
			};
		};
/* End XCRemoteSwiftPackageReference section */

/* Begin XCSwiftPackageProductDependency section */
		677B6E432982920300B3D8E8 /* SnapKit */ = {
			isa = XCSwiftPackageProductDependency;
			package = 677B6E422982920300B3D8E8 /* XCRemoteSwiftPackageReference "SnapKit" */;
			productName = SnapKit;
		};
		677B6E462982920E00B3D8E8 /* Then */ = {
			isa = XCSwiftPackageProductDependency;
			package = 677B6E452982920E00B3D8E8 /* XCRemoteSwiftPackageReference "Then" */;
			productName = Then;
		};
		677B6E5629830A1B00B3D8E8 /* RxCocoa */ = {
			isa = XCSwiftPackageProductDependency;
			package = 677B6E5529830A1B00B3D8E8 /* XCRemoteSwiftPackageReference "RxSwift" */;
			productName = RxCocoa;
		};
		677B6E5829830A1B00B3D8E8 /* RxSwift */ = {
			isa = XCSwiftPackageProductDependency;
			package = 677B6E5529830A1B00B3D8E8 /* XCRemoteSwiftPackageReference "RxSwift" */;
			productName = RxSwift;
		};
		677B6E5B29830A2F00B3D8E8 /* RxDataSources */ = {
			isa = XCSwiftPackageProductDependency;
			package = 677B6E5A29830A2F00B3D8E8 /* XCRemoteSwiftPackageReference "RxDataSources" */;
			productName = RxDataSources;
		};
		677B6E6F2984294E00B3D8E8 /* Kingfisher */ = {
			isa = XCSwiftPackageProductDependency;
			package = 677B6E6E2984294E00B3D8E8 /* XCRemoteSwiftPackageReference "Kingfisher" */;
			productName = Kingfisher;
		};
/* End XCSwiftPackageProductDependency section */
	};
	rootObject = 677B6E012982248D00B3D8E8 /* Project object */;
}
